
Microsoft Visual Studio Solution File, Format Version 12.00
# Visual Studio 15
VisualStudioVersion = 15.0.26730.10
MinimumVisualStudioVersion = 10.0.40219.1
Project("{FAE04EC0-301F-11D3-BF4B-00C04F79EFBC}") = "LattesRobotGUI", "LattesRobotGUI\LattesRobotGUI.csproj", "{1A58E998-93F2-45AC-8A86-A976FA5DA321}"
EndProject
Global
	GlobalSection(SolutionConfigurationPlatforms) = preSolution
		Debug|Any CPU = Debug|Any CPU
		Release|Any CPU = Release|Any CPU
	EndGlobalSection
	GlobalSection(ProjectConfigurationPlatforms) = postSolution
		{1A58E998-93F2-45AC-8A86-A976FA5DA321}.Debug|Any CPU.ActiveCfg = Debug|Any CPU
		{1A58E998-93F2-45AC-8A86-A976FA5DA321}.Debug|Any CPU.Build.0 = Debug|Any CPU
		{1A58E998-93F2-45AC-8A86-A976FA5DA321}.Release|Any CPU.ActiveCfg = Release|Any CPU
		{1A58E998-93F2-45AC-8A86-A976FA5DA321}.Release|Any CPU.Build.0 = Release|Any CPU
	EndGlobalSection
	GlobalSection(SolutionProperties) = preSolution
		HideSolutionNode = FALSE
	EndGlobalSection
	GlobalSection(ExtensibilityGlobals) = postSolution
		SolutionGuid = {A629E161-BD90-4D6E-AB7D-7D5D71EDA1A9}
	EndGlobalSection
EndGlobal
